
Microsoft Visual Studio Solution File, Format Version 12.00
# Visual Studio Version 17
VisualStudioVersion = 17.6.33712.159
MinimumVisualStudioVersion = 10.0.40219.1
Project("{8BC9CEB8-8B4A-11D0-8D11-00A0C91BC942}") = "colorDetection", "colorDetection.vcxproj", "{682EDE40-F8B5-42B4-A271-D602A28597B1}"
EndProject
Project("{8BC9CEB8-8B4A-11D0-8D11-00A0C91BC942}") = "extractObject", "extractObject.vcxproj", "{F05D1C65-F673-4873-A685-2458804F12D8}"
EndProject
Project("{8BC9CEB8-8B4A-11D0-8D11-00A0C91BC942}") = "huesaturation", "huesaturation.vcxproj", "{D4F3EA8A-E85D-4049-934E-F080CE0DFBDC}"
EndProject
Global
	GlobalSection(SolutionConfigurationPlatforms) = preSolution
		Debug|x64 = Debug|x64
		Debug|x86 = Debug|x86
		Release|x64 = Release|x64
		Release|x86 = Release|x86
	EndGlobalSection
	GlobalSection(ProjectConfigurationPlatforms) = postSolution
		{682EDE40-F8B5-42B4-A271-D602A28597B1}.Debug|x64.ActiveCfg = Debug|x64
		{682EDE40-F8B5-42B4-A271-D602A28597B1}.Debug|x64.Build.0 = Debug|x64
		{682EDE40-F8B5-42B4-A271-D602A28597B1}.Debug|x86.ActiveCfg = Debug|Win32
		{682EDE40-F8B5-42B4-A271-D602A28597B1}.Debug|x86.Build.0 = Debug|Win32
		{682EDE40-F8B5-42B4-A271-D602A28597B1}.Release|x64.ActiveCfg = Release|x64
		{682EDE40-F8B5-42B4-A271-D602A28597B1}.Release|x64.Build.0 = Release|x64
		{682EDE40-F8B5-42B4-A271-D602A28597B1}.Release|x86.ActiveCfg = Release|Win32
		{682EDE40-F8B5-42B4-A271-D602A28597B1}.Release|x86.Build.0 = Release|Win32
		{F05D1C65-F673-4873-A685-2458804F12D8}.Debug|x64.ActiveCfg = Debug|x64
		{F05D1C65-F673-4873-A685-2458804F12D8}.Debug|x64.Build.0 = Debug|x64
		{F05D1C65-F673-4873-A685-2458804F12D8}.Debug|x86.ActiveCfg = Debug|Win32
		{F05D1C65-F673-4873-A685-2458804F12D8}.Debug|x86.Build.0 = Debug|Win32
		{F05D1C65-F673-4873-A685-2458804F12D8}.Release|x64.ActiveCfg = Release|x64
		{F05D1C65-F673-4873-A685-2458804F12D8}.Release|x64.Build.0 = Release|x64
		{F05D1C65-F673-4873-A685-2458804F12D8}.Release|x86.ActiveCfg = Release|Win32
		{F05D1C65-F673-4873-A685-2458804F12D8}.Release|x86.Build.0 = Release|Win32
		{D4F3EA8A-E85D-4049-934E-F080CE0DFBDC}.Debug|x64.ActiveCfg = Debug|x64
		{D4F3EA8A-E85D-4049-934E-F080CE0DFBDC}.Debug|x64.Build.0 = Debug|x64
		{D4F3EA8A-E85D-4049-934E-F080CE0DFBDC}.Debug|x86.ActiveCfg = Debug|Win32
		{D4F3EA8A-E85D-4049-934E-F080CE0DFBDC}.Debug|x86.Build.0 = Debug|Win32
		{D4F3EA8A-E85D-4049-934E-F080CE0DFBDC}.Release|x64.ActiveCfg = Release|x64
		{D4F3EA8A-E85D-4049-934E-F080CE0DFBDC}.Release|x64.Build.0 = Release|x64
		{D4F3EA8A-E85D-4049-934E-F080CE0DFBDC}.Release|x86.ActiveCfg = Release|Win32
		{D4F3EA8A-E85D-4049-934E-F080CE0DFBDC}.Release|x86.Build.0 = Release|Win32
	EndGlobalSection
	GlobalSection(SolutionProperties) = preSolution
		HideSolutionNode = FALSE
	EndGlobalSection
	GlobalSection(ExtensibilityGlobals) = postSolution
		SolutionGuid = {93C3C6F6-D674-4D61-A1D5-8FC77C9FC375}
	EndGlobalSection
EndGlobal
