
Microsoft Visual Studio Solution File, Format Version 12.00
# Visual Studio Version 17
VisualStudioVersion = 17.6.33712.159
MinimumVisualStudioVersion = 10.0.40219.1
Project("{8BC9CEB8-8B4A-11D0-8D11-00A0C91BC942}") = "morphology", "morphology.vcxproj", "{682EDE40-F8B5-42B4-A271-D602A28597B1}"
EndProject
Project("{8BC9CEB8-8B4A-11D0-8D11-00A0C91BC942}") = "mserFeature", "mserFeature.vcxproj", "{51E9C9B2-EE53-49E9-9017-2F2ABF5FCB94}"
EndProject
Project("{8BC9CEB8-8B4A-11D0-8D11-00A0C91BC942}") = "segment", "segment.vcxproj", "{BCE506CC-6403-491F-A92D-745346C1C133}"
EndProject
Global
	GlobalSection(SolutionConfigurationPlatforms) = preSolution
		Debug|x64 = Debug|x64
		Debug|x86 = Debug|x86
		Release|x64 = Release|x64
		Release|x86 = Release|x86
	EndGlobalSection
	GlobalSection(ProjectConfigurationPlatforms) = postSolution
		{682EDE40-F8B5-42B4-A271-D602A28597B1}.Debug|x64.ActiveCfg = Debug|x64
		{682EDE40-F8B5-42B4-A271-D602A28597B1}.Debug|x64.Build.0 = Debug|x64
		{682EDE40-F8B5-42B4-A271-D602A28597B1}.Debug|x86.ActiveCfg = Debug|Win32
		{682EDE40-F8B5-42B4-A271-D602A28597B1}.Debug|x86.Build.0 = Debug|Win32
		{682EDE40-F8B5-42B4-A271-D602A28597B1}.Release|x64.ActiveCfg = Release|x64
		{682EDE40-F8B5-42B4-A271-D602A28597B1}.Release|x64.Build.0 = Release|x64
		{682EDE40-F8B5-42B4-A271-D602A28597B1}.Release|x86.ActiveCfg = Release|Win32
		{682EDE40-F8B5-42B4-A271-D602A28597B1}.Release|x86.Build.0 = Release|Win32
		{51E9C9B2-EE53-49E9-9017-2F2ABF5FCB94}.Debug|x64.ActiveCfg = Debug|x64
		{51E9C9B2-EE53-49E9-9017-2F2ABF5FCB94}.Debug|x64.Build.0 = Debug|x64
		{51E9C9B2-EE53-49E9-9017-2F2ABF5FCB94}.Debug|x86.ActiveCfg = Debug|Win32
		{51E9C9B2-EE53-49E9-9017-2F2ABF5FCB94}.Debug|x86.Build.0 = Debug|Win32
		{51E9C9B2-EE53-49E9-9017-2F2ABF5FCB94}.Release|x64.ActiveCfg = Release|x64
		{51E9C9B2-EE53-49E9-9017-2F2ABF5FCB94}.Release|x64.Build.0 = Release|x64
		{51E9C9B2-EE53-49E9-9017-2F2ABF5FCB94}.Release|x86.ActiveCfg = Release|Win32
		{51E9C9B2-EE53-49E9-9017-2F2ABF5FCB94}.Release|x86.Build.0 = Release|Win32
		{BCE506CC-6403-491F-A92D-745346C1C133}.Debug|x64.ActiveCfg = Debug|x64
		{BCE506CC-6403-491F-A92D-745346C1C133}.Debug|x64.Build.0 = Debug|x64
		{BCE506CC-6403-491F-A92D-745346C1C133}.Debug|x86.ActiveCfg = Debug|Win32
		{BCE506CC-6403-491F-A92D-745346C1C133}.Debug|x86.Build.0 = Debug|Win32
		{BCE506CC-6403-491F-A92D-745346C1C133}.Release|x64.ActiveCfg = Release|x64
		{BCE506CC-6403-491F-A92D-745346C1C133}.Release|x64.Build.0 = Release|x64
		{BCE506CC-6403-491F-A92D-745346C1C133}.Release|x86.ActiveCfg = Release|Win32
		{BCE506CC-6403-491F-A92D-745346C1C133}.Release|x86.Build.0 = Release|Win32
	EndGlobalSection
	GlobalSection(SolutionProperties) = preSolution
		HideSolutionNode = FALSE
	EndGlobalSection
	GlobalSection(ExtensibilityGlobals) = postSolution
		SolutionGuid = {93C3C6F6-D674-4D61-A1D5-8FC77C9FC375}
	EndGlobalSection
EndGlobal
