
Microsoft Visual Studio Solution File, Format Version 12.00
# Visual Studio Version 17
VisualStudioVersion = 17.6.33712.159
MinimumVisualStudioVersion = 10.0.40219.1
Project("{8BC9CEB8-8B4A-11D0-8D11-00A0C91BC942}") = "patches", "patches.vcxproj", "{BCE506CC-6403-491F-A92D-745346C1C133}"
EndProject
Project("{8BC9CEB8-8B4A-11D0-8D11-00A0C91BC942}") = "matcher", "matcher.vcxproj", "{4138ADBE-776A-4694-8FA6-C4FF32841B21}"
EndProject
Project("{8BC9CEB8-8B4A-11D0-8D11-00A0C91BC942}") = "binaryDescriptors", "binaryDescriptors.vcxproj", "{957B92F3-7164-4359-80BF-F642E2E46CB5}"
EndProject
Global
	GlobalSection(SolutionConfigurationPlatforms) = preSolution
		Debug|x64 = Debug|x64
		Debug|x86 = Debug|x86
		Release|x64 = Release|x64
		Release|x86 = Release|x86
	EndGlobalSection
	GlobalSection(ProjectConfigurationPlatforms) = postSolution
		{BCE506CC-6403-491F-A92D-745346C1C133}.Debug|x64.ActiveCfg = Debug|x64
		{BCE506CC-6403-491F-A92D-745346C1C133}.Debug|x64.Build.0 = Debug|x64
		{BCE506CC-6403-491F-A92D-745346C1C133}.Debug|x86.ActiveCfg = Debug|Win32
		{BCE506CC-6403-491F-A92D-745346C1C133}.Debug|x86.Build.0 = Debug|Win32
		{BCE506CC-6403-491F-A92D-745346C1C133}.Release|x64.ActiveCfg = Release|x64
		{BCE506CC-6403-491F-A92D-745346C1C133}.Release|x64.Build.0 = Release|x64
		{BCE506CC-6403-491F-A92D-745346C1C133}.Release|x86.ActiveCfg = Release|Win32
		{BCE506CC-6403-491F-A92D-745346C1C133}.Release|x86.Build.0 = Release|Win32
		{4138ADBE-776A-4694-8FA6-C4FF32841B21}.Debug|x64.ActiveCfg = Debug|x64
		{4138ADBE-776A-4694-8FA6-C4FF32841B21}.Debug|x64.Build.0 = Debug|x64
		{4138ADBE-776A-4694-8FA6-C4FF32841B21}.Debug|x86.ActiveCfg = Debug|Win32
		{4138ADBE-776A-4694-8FA6-C4FF32841B21}.Debug|x86.Build.0 = Debug|Win32
		{4138ADBE-776A-4694-8FA6-C4FF32841B21}.Release|x64.ActiveCfg = Release|x64
		{4138ADBE-776A-4694-8FA6-C4FF32841B21}.Release|x64.Build.0 = Release|x64
		{4138ADBE-776A-4694-8FA6-C4FF32841B21}.Release|x86.ActiveCfg = Release|Win32
		{4138ADBE-776A-4694-8FA6-C4FF32841B21}.Release|x86.Build.0 = Release|Win32
		{957B92F3-7164-4359-80BF-F642E2E46CB5}.Debug|x64.ActiveCfg = Debug|x64
		{957B92F3-7164-4359-80BF-F642E2E46CB5}.Debug|x64.Build.0 = Debug|x64
		{957B92F3-7164-4359-80BF-F642E2E46CB5}.Debug|x86.ActiveCfg = Debug|Win32
		{957B92F3-7164-4359-80BF-F642E2E46CB5}.Debug|x86.Build.0 = Debug|Win32
		{957B92F3-7164-4359-80BF-F642E2E46CB5}.Release|x64.ActiveCfg = Release|x64
		{957B92F3-7164-4359-80BF-F642E2E46CB5}.Release|x64.Build.0 = Release|x64
		{957B92F3-7164-4359-80BF-F642E2E46CB5}.Release|x86.ActiveCfg = Release|Win32
		{957B92F3-7164-4359-80BF-F642E2E46CB5}.Release|x86.Build.0 = Release|Win32
	EndGlobalSection
	GlobalSection(SolutionProperties) = preSolution
		HideSolutionNode = FALSE
	EndGlobalSection
	GlobalSection(ExtensibilityGlobals) = postSolution
		SolutionGuid = {93C3C6F6-D674-4D61-A1D5-8FC77C9FC375}
	EndGlobalSection
EndGlobal
